
Microsoft Visual Studio Solution File, Format Version 12.00
# Visual Studio Version 16
VisualStudioVersion = 16.0.29920.165
MinimumVisualStudioVersion = 10.0.40219.1
Project("{FAE04EC0-301F-11D3-BF4B-00C04F79EFBC}") = "Pulsaciones", "Pulsaciones\Pulsaciones.csproj", "{129398C0-C70B-437E-8D2E-413642B9689E}"
EndProject
Global
	GlobalSection(SolutionConfigurationPlatforms) = preSolution
		Debug|Any CPU = Debug|Any CPU
		Release|Any CPU = Release|Any CPU
	EndGlobalSection
	GlobalSection(ProjectConfigurationPlatforms) = postSolution
		{129398C0-C70B-437E-8D2E-413642B9689E}.Debug|Any CPU.ActiveCfg = Debug|Any CPU
		{129398C0-C70B-437E-8D2E-413642B9689E}.Debug|Any CPU.Build.0 = Debug|Any CPU
		{129398C0-C70B-437E-8D2E-413642B9689E}.Release|Any CPU.ActiveCfg = Release|Any CPU
		{129398C0-C70B-437E-8D2E-413642B9689E}.Release|Any CPU.Build.0 = Release|Any CPU
	EndGlobalSection
	GlobalSection(SolutionProperties) = preSolution
		HideSolutionNode = FALSE
	EndGlobalSection
	GlobalSection(ExtensibilityGlobals) = postSolution
		SolutionGuid = {5C503CB8-E71C-459D-900A-F1FDE42D4D61}
	EndGlobalSection
EndGlobal
